
Microsoft Visual Studio Solution File, Format Version 12.00
# Visual Studio Version 16
VisualStudioVersion = 16.0.30711.63
MinimumVisualStudioVersion = 10.0.40219.1
Project("{8BC9CEB8-8B4A-11D0-8D11-00A0C91BC942}") = "Demo1", "Demo1\Demo1.vcxproj", "{032BA480-E1F8-4185-8E46-F09682823BB5}"
EndProject
Project("{8BC9CEB8-8B4A-11D0-8D11-00A0C91BC942}") = "Demo2", "Demo2\Demo2.vcxproj", "{7B286C9E-1C0F-4C48-A75D-9655E8346673}"
EndProject
Project("{8BC9CEB8-8B4A-11D0-8D11-00A0C91BC942}") = "Demo3", "Demo3\Demo3.vcxproj", "{C9438293-D044-4831-9AE4-93443371247A}"
EndProject
Project("{8BC9CEB8-8B4A-11D0-8D11-00A0C91BC942}") = "Demo4", "Demo4\Demo4.vcxproj", "{38C14B71-1894-4FAF-8037-053EE29E7898}"
EndProject
Project("{8BC9CEB8-8B4A-11D0-8D11-00A0C91BC942}") = "Demo5", "Demo5\Demo5.vcxproj", "{CA898CE6-7BA9-4073-8C60-16425EFC5383}"
EndProject
Project("{8BC9CEB8-8B4A-11D0-8D11-00A0C91BC942}") = "Demo6", "Demo6\Demo6.vcxproj", "{4A9C59D9-4A87-4FE1-99B2-A40B45A552F0}"
EndProject
Project("{8BC9CEB8-8B4A-11D0-8D11-00A0C91BC942}") = "Demo7", "Demo7\Demo7.vcxproj", "{0342BAC7-6E8A-4E23-990E-AE067B4FA857}"
EndProject
Project("{8BC9CEB8-8B4A-11D0-8D11-00A0C91BC942}") = "Demo8", "Demo8\Demo8.vcxproj", "{6DB8AE53-49C0-4DD9-8A13-9B62B4BE966C}"
EndProject
Project("{8BC9CEB8-8B4A-11D0-8D11-00A0C91BC942}") = "demo9", "Demo9\demo9.vcxproj", "{06ECE974-21C7-4F8F-AB56-BBC4D942FAF6}"
EndProject
Project("{8BC9CEB8-8B4A-11D0-8D11-00A0C91BC942}") = "demo10", "demo10\demo10.vcxproj", "{7476B0BC-A2C1-4311-86A2-6AFDFA0C4191}"
EndProject
Project("{8BC9CEB8-8B4A-11D0-8D11-00A0C91BC942}") = "demo11", "demo11\demo11.vcxproj", "{13FA7013-4221-4267-8CD2-28348FF7C860}"
EndProject
Project("{8BC9CEB8-8B4A-11D0-8D11-00A0C91BC942}") = "Demo12", "Demo12\Demo12.vcxproj", "{81F38B22-E973-4453-86FF-C6F88E49F8A7}"
EndProject
Project("{8BC9CEB8-8B4A-11D0-8D11-00A0C91BC942}") = "Demo13", "Demo13\Demo13.vcxproj", "{8182B42F-EBD1-4792-B76D-2ACD54FA8DAD}"
EndProject
Project("{8BC9CEB8-8B4A-11D0-8D11-00A0C91BC942}") = "Demo14", "Demo14\Demo14.vcxproj", "{83857807-D987-47B4-AD89-6E648379A602}"
EndProject
Project("{8BC9CEB8-8B4A-11D0-8D11-00A0C91BC942}") = "Demo15", "Demo15\Demo15.vcxproj", "{152B1043-97CD-468F-B5A0-6AB01573436E}"
EndProject
Global
	GlobalSection(SolutionConfigurationPlatforms) = preSolution
		Debug|x64 = Debug|x64
		Debug|x86 = Debug|x86
		Release|x64 = Release|x64
		Release|x86 = Release|x86
	EndGlobalSection
	GlobalSection(ProjectConfigurationPlatforms) = postSolution
		{032BA480-E1F8-4185-8E46-F09682823BB5}.Debug|x64.ActiveCfg = Debug|x64
		{032BA480-E1F8-4185-8E46-F09682823BB5}.Debug|x64.Build.0 = Debug|x64
		{032BA480-E1F8-4185-8E46-F09682823BB5}.Debug|x86.ActiveCfg = Debug|Win32
		{032BA480-E1F8-4185-8E46-F09682823BB5}.Debug|x86.Build.0 = Debug|Win32
		{032BA480-E1F8-4185-8E46-F09682823BB5}.Release|x64.ActiveCfg = Release|x64
		{032BA480-E1F8-4185-8E46-F09682823BB5}.Release|x64.Build.0 = Release|x64
		{032BA480-E1F8-4185-8E46-F09682823BB5}.Release|x86.ActiveCfg = Release|Win32
		{032BA480-E1F8-4185-8E46-F09682823BB5}.Release|x86.Build.0 = Release|Win32
		{7B286C9E-1C0F-4C48-A75D-9655E8346673}.Debug|x64.ActiveCfg = Debug|x64
		{7B286C9E-1C0F-4C48-A75D-9655E8346673}.Debug|x64.Build.0 = Debug|x64
		{7B286C9E-1C0F-4C48-A75D-9655E8346673}.Debug|x86.ActiveCfg = Debug|Win32
		{7B286C9E-1C0F-4C48-A75D-9655E8346673}.Debug|x86.Build.0 = Debug|Win32
		{7B286C9E-1C0F-4C48-A75D-9655E8346673}.Release|x64.ActiveCfg = Release|x64
		{7B286C9E-1C0F-4C48-A75D-9655E8346673}.Release|x64.Build.0 = Release|x64
		{7B286C9E-1C0F-4C48-A75D-9655E8346673}.Release|x86.ActiveCfg = Release|Win32
		{7B286C9E-1C0F-4C48-A75D-9655E8346673}.Release|x86.Build.0 = Release|Win32
		{C9438293-D044-4831-9AE4-93443371247A}.Debug|x64.ActiveCfg = Debug|x64
		{C9438293-D044-4831-9AE4-93443371247A}.Debug|x64.Build.0 = Debug|x64
		{C9438293-D044-4831-9AE4-93443371247A}.Debug|x86.ActiveCfg = Debug|Win32
		{C9438293-D044-4831-9AE4-93443371247A}.Debug|x86.Build.0 = Debug|Win32
		{C9438293-D044-4831-9AE4-93443371247A}.Release|x64.ActiveCfg = Release|x64
		{C9438293-D044-4831-9AE4-93443371247A}.Release|x64.Build.0 = Release|x64
		{C9438293-D044-4831-9AE4-93443371247A}.Release|x86.ActiveCfg = Release|Win32
		{C9438293-D044-4831-9AE4-93443371247A}.Release|x86.Build.0 = Release|Win32
		{38C14B71-1894-4FAF-8037-053EE29E7898}.Debug|x64.ActiveCfg = Debug|x64
		{38C14B71-1894-4FAF-8037-053EE29E7898}.Debug|x64.Build.0 = Debug|x64
		{38C14B71-1894-4FAF-8037-053EE29E7898}.Debug|x86.ActiveCfg = Debug|Win32
		{38C14B71-1894-4FAF-8037-053EE29E7898}.Debug|x86.Build.0 = Debug|Win32
		{38C14B71-1894-4FAF-8037-053EE29E7898}.Release|x64.ActiveCfg = Release|x64
		{38C14B71-1894-4FAF-8037-053EE29E7898}.Release|x64.Build.0 = Release|x64
		{38C14B71-1894-4FAF-8037-053EE29E7898}.Release|x86.ActiveCfg = Release|Win32
		{38C14B71-1894-4FAF-8037-053EE29E7898}.Release|x86.Build.0 = Release|Win32
		{CA898CE6-7BA9-4073-8C60-16425EFC5383}.Debug|x64.ActiveCfg = Debug|x64
		{CA898CE6-7BA9-4073-8C60-16425EFC5383}.Debug|x64.Build.0 = Debug|x64
		{CA898CE6-7BA9-4073-8C60-16425EFC5383}.Debug|x86.ActiveCfg = Debug|Win32
		{CA898CE6-7BA9-4073-8C60-16425EFC5383}.Debug|x86.Build.0 = Debug|Win32
		{CA898CE6-7BA9-4073-8C60-16425EFC5383}.Release|x64.ActiveCfg = Release|x64
		{CA898CE6-7BA9-4073-8C60-16425EFC5383}.Release|x64.Build.0 = Release|x64
		{CA898CE6-7BA9-4073-8C60-16425EFC5383}.Release|x86.ActiveCfg = Release|Win32
		{CA898CE6-7BA9-4073-8C60-16425EFC5383}.Release|x86.Build.0 = Release|Win32
		{4A9C59D9-4A87-4FE1-99B2-A40B45A552F0}.Debug|x64.ActiveCfg = Debug|x64
		{4A9C59D9-4A87-4FE1-99B2-A40B45A552F0}.Debug|x64.Build.0 = Debug|x64
		{4A9C59D9-4A87-4FE1-99B2-A40B45A552F0}.Debug|x86.ActiveCfg = Debug|Win32
		{4A9C59D9-4A87-4FE1-99B2-A40B45A552F0}.Debug|x86.Build.0 = Debug|Win32
		{4A9C59D9-4A87-4FE1-99B2-A40B45A552F0}.Release|x64.ActiveCfg = Release|x64
		{4A9C59D9-4A87-4FE1-99B2-A40B45A552F0}.Release|x64.Build.0 = Release|x64
		{4A9C59D9-4A87-4FE1-99B2-A40B45A552F0}.Release|x86.ActiveCfg = Release|Win32
		{4A9C59D9-4A87-4FE1-99B2-A40B45A552F0}.Release|x86.Build.0 = Release|Win32
		{0342BAC7-6E8A-4E23-990E-AE067B4FA857}.Debug|x64.ActiveCfg = Debug|x64
		{0342BAC7-6E8A-4E23-990E-AE067B4FA857}.Debug|x64.Build.0 = Debug|x64
		{0342BAC7-6E8A-4E23-990E-AE067B4FA857}.Debug|x86.ActiveCfg = Debug|Win32
		{0342BAC7-6E8A-4E23-990E-AE067B4FA857}.Debug|x86.Build.0 = Debug|Win32
		{0342BAC7-6E8A-4E23-990E-AE067B4FA857}.Release|x64.ActiveCfg = Release|x64
		{0342BAC7-6E8A-4E23-990E-AE067B4FA857}.Release|x64.Build.0 = Release|x64
		{0342BAC7-6E8A-4E23-990E-AE067B4FA857}.Release|x86.ActiveCfg = Release|Win32
		{0342BAC7-6E8A-4E23-990E-AE067B4FA857}.Release|x86.Build.0 = Release|Win32
		{6DB8AE53-49C0-4DD9-8A13-9B62B4BE966C}.Debug|x64.ActiveCfg = Debug|x64
		{6DB8AE53-49C0-4DD9-8A13-9B62B4BE966C}.Debug|x64.Build.0 = Debug|x64
		{6DB8AE53-49C0-4DD9-8A13-9B62B4BE966C}.Debug|x86.ActiveCfg = Debug|Win32
		{6DB8AE53-49C0-4DD9-8A13-9B62B4BE966C}.Debug|x86.Build.0 = Debug|Win32
		{6DB8AE53-49C0-4DD9-8A13-9B62B4BE966C}.Release|x64.ActiveCfg = Release|x64
		{6DB8AE53-49C0-4DD9-8A13-9B62B4BE966C}.Release|x64.Build.0 = Release|x64
		{6DB8AE53-49C0-4DD9-8A13-9B62B4BE966C}.Release|x86.ActiveCfg = Release|Win32
		{6DB8AE53-49C0-4DD9-8A13-9B62B4BE966C}.Release|x86.Build.0 = Release|Win32
		{06ECE974-21C7-4F8F-AB56-BBC4D942FAF6}.Debug|x64.ActiveCfg = Debug|x64
		{06ECE974-21C7-4F8F-AB56-BBC4D942FAF6}.Debug|x64.Build.0 = Debug|x64
		{06ECE974-21C7-4F8F-AB56-BBC4D942FAF6}.Debug|x86.ActiveCfg = Debug|Win32
		{06ECE974-21C7-4F8F-AB56-BBC4D942FAF6}.Debug|x86.Build.0 = Debug|Win32
		{06ECE974-21C7-4F8F-AB56-BBC4D942FAF6}.Release|x64.ActiveCfg = Release|x64
		{06ECE974-21C7-4F8F-AB56-BBC4D942FAF6}.Release|x64.Build.0 = Release|x64
		{06ECE974-21C7-4F8F-AB56-BBC4D942FAF6}.Release|x86.ActiveCfg = Release|Win32
		{06ECE974-21C7-4F8F-AB56-BBC4D942FAF6}.Release|x86.Build.0 = Release|Win32
		{7476B0BC-A2C1-4311-86A2-6AFDFA0C4191}.Debug|x64.ActiveCfg = Debug|x64
		{7476B0BC-A2C1-4311-86A2-6AFDFA0C4191}.Debug|x64.Build.0 = Debug|x64
		{7476B0BC-A2C1-4311-86A2-6AFDFA0C4191}.Debug|x86.ActiveCfg = Debug|Win32
		{7476B0BC-A2C1-4311-86A2-6AFDFA0C4191}.Debug|x86.Build.0 = Debug|Win32
		{7476B0BC-A2C1-4311-86A2-6AFDFA0C4191}.Release|x64.ActiveCfg = Release|x64
		{7476B0BC-A2C1-4311-86A2-6AFDFA0C4191}.Release|x64.Build.0 = Release|x64
		{7476B0BC-A2C1-4311-86A2-6AFDFA0C4191}.Release|x86.ActiveCfg = Release|Win32
		{7476B0BC-A2C1-4311-86A2-6AFDFA0C4191}.Release|x86.Build.0 = Release|Win32
		{13FA7013-4221-4267-8CD2-28348FF7C860}.Debug|x64.ActiveCfg = Debug|x64
		{13FA7013-4221-4267-8CD2-28348FF7C860}.Debug|x64.Build.0 = Debug|x64
		{13FA7013-4221-4267-8CD2-28348FF7C860}.Debug|x86.ActiveCfg = Debug|Win32
		{13FA7013-4221-4267-8CD2-28348FF7C860}.Debug|x86.Build.0 = Debug|Win32
		{13FA7013-4221-4267-8CD2-28348FF7C860}.Release|x64.ActiveCfg = Release|x64
		{13FA7013-4221-4267-8CD2-28348FF7C860}.Release|x64.Build.0 = Release|x64
		{13FA7013-4221-4267-8CD2-28348FF7C860}.Release|x86.ActiveCfg = Release|Win32
		{13FA7013-4221-4267-8CD2-28348FF7C860}.Release|x86.Build.0 = Release|Win32
		{81F38B22-E973-4453-86FF-C6F88E49F8A7}.Debug|x64.ActiveCfg = Debug|x64
		{81F38B22-E973-4453-86FF-C6F88E49F8A7}.Debug|x64.Build.0 = Debug|x64
		{81F38B22-E973-4453-86FF-C6F88E49F8A7}.Debug|x86.ActiveCfg = Debug|Win32
		{81F38B22-E973-4453-86FF-C6F88E49F8A7}.Debug|x86.Build.0 = Debug|Win32
		{81F38B22-E973-4453-86FF-C6F88E49F8A7}.Release|x64.ActiveCfg = Release|x64
		{81F38B22-E973-4453-86FF-C6F88E49F8A7}.Release|x64.Build.0 = Release|x64
		{81F38B22-E973-4453-86FF-C6F88E49F8A7}.Release|x86.ActiveCfg = Release|Win32
		{81F38B22-E973-4453-86FF-C6F88E49F8A7}.Release|x86.Build.0 = Release|Win32
		{8182B42F-EBD1-4792-B76D-2ACD54FA8DAD}.Debug|x64.ActiveCfg = Debug|x64
		{8182B42F-EBD1-4792-B76D-2ACD54FA8DAD}.Debug|x64.Build.0 = Debug|x64
		{8182B42F-EBD1-4792-B76D-2ACD54FA8DAD}.Debug|x86.ActiveCfg = Debug|Win32
		{8182B42F-EBD1-4792-B76D-2ACD54FA8DAD}.Debug|x86.Build.0 = Debug|Win32
		{8182B42F-EBD1-4792-B76D-2ACD54FA8DAD}.Release|x64.ActiveCfg = Release|x64
		{8182B42F-EBD1-4792-B76D-2ACD54FA8DAD}.Release|x64.Build.0 = Release|x64
		{8182B42F-EBD1-4792-B76D-2ACD54FA8DAD}.Release|x86.ActiveCfg = Release|Win32
		{8182B42F-EBD1-4792-B76D-2ACD54FA8DAD}.Release|x86.Build.0 = Release|Win32
		{83857807-D987-47B4-AD89-6E648379A602}.Debug|x64.ActiveCfg = Debug|x64
		{83857807-D987-47B4-AD89-6E648379A602}.Debug|x64.Build.0 = Debug|x64
		{83857807-D987-47B4-AD89-6E648379A602}.Debug|x86.ActiveCfg = Debug|Win32
		{83857807-D987-47B4-AD89-6E648379A602}.Debug|x86.Build.0 = Debug|Win32
		{83857807-D987-47B4-AD89-6E648379A602}.Release|x64.ActiveCfg = Release|x64
		{83857807-D987-47B4-AD89-6E648379A602}.Release|x64.Build.0 = Release|x64
		{83857807-D987-47B4-AD89-6E648379A602}.Release|x86.ActiveCfg = Release|Win32
		{83857807-D987-47B4-AD89-6E648379A602}.Release|x86.Build.0 = Release|Win32
		{152B1043-97CD-468F-B5A0-6AB01573436E}.Debug|x64.ActiveCfg = Debug|x64
		{152B1043-97CD-468F-B5A0-6AB01573436E}.Debug|x64.Build.0 = Debug|x64
		{152B1043-97CD-468F-B5A0-6AB01573436E}.Debug|x86.ActiveCfg = Debug|Win32
		{152B1043-97CD-468F-B5A0-6AB01573436E}.Debug|x86.Build.0 = Debug|Win32
		{152B1043-97CD-468F-B5A0-6AB01573436E}.Release|x64.ActiveCfg = Release|x64
		{152B1043-97CD-468F-B5A0-6AB01573436E}.Release|x64.Build.0 = Release|x64
		{152B1043-97CD-468F-B5A0-6AB01573436E}.Release|x86.ActiveCfg = Release|Win32
		{152B1043-97CD-468F-B5A0-6AB01573436E}.Release|x86.Build.0 = Release|Win32
	EndGlobalSection
	GlobalSection(SolutionProperties) = preSolution
		HideSolutionNode = FALSE
	EndGlobalSection
	GlobalSection(ExtensibilityGlobals) = postSolution
		SolutionGuid = {F54DEA20-D669-47E9-B043-DC8D92F353E1}
	EndGlobalSection
EndGlobal
